
Microsoft Visual Studio Solution File, Format Version 12.00
# Visual Studio 15
VisualStudioVersion = 15.0.28307.852
MinimumVisualStudioVersion = 10.0.40219.1
Project("{FAE04EC0-301F-11D3-BF4B-00C04F79EFBC}") = "DropDownMenu", "DropDownMenu\DropDownMenu.csproj", "{94AF7B24-0616-4EC4-83F3-1C03B8176491}"
EndProject
Global
	GlobalSection(SolutionConfigurationPlatforms) = preSolution
		Debug|Any CPU = Debug|Any CPU
		Release|Any CPU = Release|Any CPU
	EndGlobalSection
	GlobalSection(ProjectConfigurationPlatforms) = postSolution
		{94AF7B24-0616-4EC4-83F3-1C03B8176491}.Debug|Any CPU.ActiveCfg = Debug|Any CPU
		{94AF7B24-0616-4EC4-83F3-1C03B8176491}.Debug|Any CPU.Build.0 = Debug|Any CPU
		{94AF7B24-0616-4EC4-83F3-1C03B8176491}.Release|Any CPU.ActiveCfg = Release|Any CPU
		{94AF7B24-0616-4EC4-83F3-1C03B8176491}.Release|Any CPU.Build.0 = Release|Any CPU
	EndGlobalSection
	GlobalSection(SolutionProperties) = preSolution
		HideSolutionNode = FALSE
	EndGlobalSection
	GlobalSection(ExtensibilityGlobals) = postSolution
		SolutionGuid = {4C0E8202-B666-4390-A795-B085A3634FE7}
	EndGlobalSection
EndGlobal
